
Microsoft Visual Studio Solution File, Format Version 12.00
# Visual Studio Version 17
VisualStudioVersion = 17.0.31912.275
MinimumVisualStudioVersion = 10.0.40219.1
Project("{9A19103F-16F7-4668-BE54-9A1E7A4F7556}") = "TrainingSpaceModules", "TrainingSpaceModules.csproj", "{642C1E15-FD80-4F5C-A78A-20A4080DC73C}"
EndProject
Global
	GlobalSection(SolutionConfigurationPlatforms) = preSolution
		Debug|Any CPU = Debug|Any CPU
		Release|Any CPU = Release|Any CPU
	EndGlobalSection
	GlobalSection(ProjectConfigurationPlatforms) = postSolution
		{642C1E15-FD80-4F5C-A78A-20A4080DC73C}.Debug|Any CPU.ActiveCfg = Debug|Any CPU
		{642C1E15-FD80-4F5C-A78A-20A4080DC73C}.Debug|Any CPU.Build.0 = Debug|Any CPU
		{642C1E15-FD80-4F5C-A78A-20A4080DC73C}.Release|Any CPU.ActiveCfg = Release|Any CPU
		{642C1E15-FD80-4F5C-A78A-20A4080DC73C}.Release|Any CPU.Build.0 = Release|Any CPU
	EndGlobalSection
	GlobalSection(SolutionProperties) = preSolution
		HideSolutionNode = FALSE
	EndGlobalSection
	GlobalSection(ExtensibilityGlobals) = postSolution
		SolutionGuid = {45A4576E-6131-403D-A2CD-3AE56278386B}
	EndGlobalSection
EndGlobal
